// !$*UTF8*$!
{
	archiveVersion = 1;
	classes = {
	};
	objectVersion = 56;
	objects = {

/* Begin PBXBuildFile section */
		50F9CDA42C60989300751FB3 /* CryptoRankApp.swift in Sources */ = {isa = PBXBuildFile; fileRef = 50F9CDA32C60989300751FB3 /* CryptoRankApp.swift */; };
		50F9CDA82C60989400751FB3 /* Assets.xcassets in Resources */ = {isa = PBXBuildFile; fileRef = 50F9CDA72C60989400751FB3 /* Assets.xcassets */; };
		50F9CDAB2C60989400751FB3 /* Preview Assets.xcassets in Resources */ = {isa = PBXBuildFile; fileRef = 50F9CDAA2C60989400751FB3 /* Preview Assets.xcassets */; };
		50F9CDB52C60989400751FB3 /* TopCurrencyListViewModelTests.swift in Sources */ = {isa = PBXBuildFile; fileRef = 50F9CDB42C60989400751FB3 /* TopCurrencyListViewModelTests.swift */; };
		50F9CDBF2C60989400751FB3 /* CryptoRankUITests.swift in Sources */ = {isa = PBXBuildFile; fileRef = 50F9CDBE2C60989400751FB3 /* CryptoRankUITests.swift */; };
		50F9CDC12C60989400751FB3 /* CryptoRankUITestsLaunchTests.swift in Sources */ = {isa = PBXBuildFile; fileRef = 50F9CDC02C60989400751FB3 /* CryptoRankUITestsLaunchTests.swift */; };
		50F9CDD12C609D6A00751FB3 /* CurrencyRemoteDataSource.swift in Sources */ = {isa = PBXBuildFile; fileRef = 50F9CDD02C609D6A00751FB3 /* CurrencyRemoteDataSource.swift */; };
		50F9CDD42C609DC600751FB3 /* AppError.swift in Sources */ = {isa = PBXBuildFile; fileRef = 50F9CDD32C609DC600751FB3 /* AppError.swift */; };
		50F9CDDA2C60A5BE00751FB3 /* AssetItemDTO.swift in Sources */ = {isa = PBXBuildFile; fileRef = 50F9CDD92C60A5BE00751FB3 /* AssetItemDTO.swift */; };
		50F9CDDC2C60A5D200751FB3 /* BaseResponse.swift in Sources */ = {isa = PBXBuildFile; fileRef = 50F9CDDB2C60A5D200751FB3 /* BaseResponse.swift */; };
		50F9CDDE2C60A5FF00751FB3 /* AssetItem.swift in Sources */ = {isa = PBXBuildFile; fileRef = 50F9CDDD2C60A5FF00751FB3 /* AssetItem.swift */; };
		50F9CDE02C60A8C600751FB3 /* TypeAlias.swift in Sources */ = {isa = PBXBuildFile; fileRef = 50F9CDDF2C60A8C600751FB3 /* TypeAlias.swift */; };
		50F9CDE22C60A9AB00751FB3 /* CurrencyRemoteDataSourceProtocol.swift in Sources */ = {isa = PBXBuildFile; fileRef = 50F9CDE12C60A9AB00751FB3 /* CurrencyRemoteDataSourceProtocol.swift */; };
		50F9CDE82C60B50100751FB3 /* Swinject in Frameworks */ = {isa = PBXBuildFile; productRef = 50F9CDE72C60B50100751FB3 /* Swinject */; };
		50F9CDEA2C60B56D00751FB3 /* CurrencyRepositoryProtocol.swift in Sources */ = {isa = PBXBuildFile; fileRef = 50F9CDE92C60B56D00751FB3 /* CurrencyRepositoryProtocol.swift */; };
		50F9CDEC2C60B59300751FB3 /* CurrencyRepository.swift in Sources */ = {isa = PBXBuildFile; fileRef = 50F9CDEB2C60B59300751FB3 /* CurrencyRepository.swift */; };
		50F9CDEE2C60B99200751FB3 /* DataSourceContainer.swift in Sources */ = {isa = PBXBuildFile; fileRef = 50F9CDED2C60B99200751FB3 /* DataSourceContainer.swift */; };
		50F9CDF12C60BA7100751FB3 /* AppContainer.swift in Sources */ = {isa = PBXBuildFile; fileRef = 50F9CDF02C60BA7100751FB3 /* AppContainer.swift */; };
		50F9CDF42C60BB1800751FB3 /* RepositoryContainer.swift in Sources */ = {isa = PBXBuildFile; fileRef = 50F9CDF32C60BB1800751FB3 /* RepositoryContainer.swift */; };
		50F9CDF92C60BE3200751FB3 /* TopCurrencyListContract.swift in Sources */ = {isa = PBXBuildFile; fileRef = 50F9CDF82C60BE3200751FB3 /* TopCurrencyListContract.swift */; };
		50F9CDFB2C60BE6100751FB3 /* TopCurrencyListViewModel.swift in Sources */ = {isa = PBXBuildFile; fileRef = 50F9CDFA2C60BE6100751FB3 /* TopCurrencyListViewModel.swift */; };
		50F9CDFD2C60BEA600751FB3 /* TopCurrencyListView.swift in Sources */ = {isa = PBXBuildFile; fileRef = 50F9CDFC2C60BEA600751FB3 /* TopCurrencyListView.swift */; };
		50F9CDFF2C60BF0A00751FB3 /* TopCurrencyListContainer.swift in Sources */ = {isa = PBXBuildFile; fileRef = 50F9CDFE2C60BF0A00751FB3 /* TopCurrencyListContainer.swift */; };
		50F9CE022C60C24900751FB3 /* View+LoadingView.swift in Sources */ = {isa = PBXBuildFile; fileRef = 50F9CE012C60C24900751FB3 /* View+LoadingView.swift */; };
		50F9CE052C60C2CD00751FB3 /* ViewElementState.swift in Sources */ = {isa = PBXBuildFile; fileRef = 50F9CE042C60C2CD00751FB3 /* ViewElementState.swift */; };
		50F9CE082C60C3F000751FB3 /* ErrorView.swift in Sources */ = {isa = PBXBuildFile; fileRef = 50F9CE072C60C3F000751FB3 /* ErrorView.swift */; };
		50F9CE0A2C60C41E00751FB3 /* View+ErrorView.swift in Sources */ = {isa = PBXBuildFile; fileRef = 50F9CE092C60C41E00751FB3 /* View+ErrorView.swift */; };
		50F9CE0C2C60CC6400751FB3 /* Error+AppError.swift in Sources */ = {isa = PBXBuildFile; fileRef = 50F9CE0B2C60CC6400751FB3 /* Error+AppError.swift */; };
		50F9CE0E2C60CDE500751FB3 /* Double+AbbreviationFormat.swift in Sources */ = {isa = PBXBuildFile; fileRef = 50F9CE0D2C60CDE500751FB3 /* Double+AbbreviationFormat.swift */; };
		50F9CE132C60D87C00751FB3 /* Poppins-Regular.ttf in Resources */ = {isa = PBXBuildFile; fileRef = 50F9CE112C60D87800751FB3 /* Poppins-Regular.ttf */; };
		50F9CE142C60D87C00751FB3 /* Poppins-Bold.ttf in Resources */ = {isa = PBXBuildFile; fileRef = 50F9CE122C60D87800751FB3 /* Poppins-Bold.ttf */; };
		50F9CE172C60DD0900751FB3 /* ChangeType.swift in Sources */ = {isa = PBXBuildFile; fileRef = 50F9CE162C60DD0900751FB3 /* ChangeType.swift */; };
		50F9CE1A2C60F38500751FB3 /* CurrencyDetailView.swift in Sources */ = {isa = PBXBuildFile; fileRef = 50F9CE192C60F38500751FB3 /* CurrencyDetailView.swift */; };
		50F9CE1C2C60F3B300751FB3 /* CurrencyDetailContract.swift in Sources */ = {isa = PBXBuildFile; fileRef = 50F9CE1B2C60F3B300751FB3 /* CurrencyDetailContract.swift */; };
		50F9CE1E2C60F3EF00751FB3 /* CurrencyDetailViewModel.swift in Sources */ = {isa = PBXBuildFile; fileRef = 50F9CE1D2C60F3EF00751FB3 /* CurrencyDetailViewModel.swift */; };
		50F9CE202C60F43200751FB3 /* CurrencyDetailContainer.swift in Sources */ = {isa = PBXBuildFile; fileRef = 50F9CE1F2C60F43200751FB3 /* CurrencyDetailContainer.swift */; };
		50F9CE232C61007A00751FB3 /* Localizable.xcstrings in Resources */ = {isa = PBXBuildFile; fileRef = 50F9CE222C61007A00751FB3 /* Localizable.xcstrings */; };
		50F9CE262C620A6000751FB3 /* MockCurrencyRepository.swift in Sources */ = {isa = PBXBuildFile; fileRef = 50F9CE252C620A6000751FB3 /* MockCurrencyRepository.swift */; };
/* End PBXBuildFile section */

/* Begin PBXContainerItemProxy section */
		50F9CDB12C60989400751FB3 /* PBXContainerItemProxy */ = {
			isa = PBXContainerItemProxy;
			containerPortal = 50F9CD982C60989300751FB3 /* Project object */;
			proxyType = 1;
			remoteGlobalIDString = 50F9CD9F2C60989300751FB3;
			remoteInfo = CryptoRank;
		};
		50F9CDBB2C60989400751FB3 /* PBXContainerItemProxy */ = {
			isa = PBXContainerItemProxy;
			containerPortal = 50F9CD982C60989300751FB3 /* Project object */;
			proxyType = 1;
			remoteGlobalIDString = 50F9CD9F2C60989300751FB3;
			remoteInfo = CryptoRank;
		};
/* End PBXContainerItemProxy section */

/* Begin PBXFileReference section */
		50F9CDA02C60989300751FB3 /* CryptoRank.app */ = {isa = PBXFileReference; explicitFileType = wrapper.application; includeInIndex = 0; path = CryptoRank.app; sourceTree = BUILT_PRODUCTS_DIR; };
		50F9CDA32C60989300751FB3 /* CryptoRankApp.swift */ = {isa = PBXFileReference; lastKnownFileType = sourcecode.swift; path = CryptoRankApp.swift; sourceTree = "<group>"; };
		50F9CDA72C60989400751FB3 /* Assets.xcassets */ = {isa = PBXFileReference; lastKnownFileType = folder.assetcatalog; path = Assets.xcassets; sourceTree = "<group>"; };
		50F9CDAA2C60989400751FB3 /* Preview Assets.xcassets */ = {isa = PBXFileReference; lastKnownFileType = folder.assetcatalog; path = "Preview Assets.xcassets"; sourceTree = "<group>"; };
		50F9CDB02C60989400751FB3 /* CryptoRankTests.xctest */ = {isa = PBXFileReference; explicitFileType = wrapper.cfbundle; includeInIndex = 0; path = CryptoRankTests.xctest; sourceTree = BUILT_PRODUCTS_DIR; };
		50F9CDB42C60989400751FB3 /* TopCurrencyListViewModelTests.swift */ = {isa = PBXFileReference; lastKnownFileType = sourcecode.swift; path = TopCurrencyListViewModelTests.swift; sourceTree = "<group>"; };
		50F9CDBA2C60989400751FB3 /* CryptoRankUITests.xctest */ = {isa = PBXFileReference; explicitFileType = wrapper.cfbundle; includeInIndex = 0; path = CryptoRankUITests.xctest; sourceTree = BUILT_PRODUCTS_DIR; };
		50F9CDBE2C60989400751FB3 /* CryptoRankUITests.swift */ = {isa = PBXFileReference; lastKnownFileType = sourcecode.swift; path = CryptoRankUITests.swift; sourceTree = "<group>"; };
		50F9CDC02C60989400751FB3 /* CryptoRankUITestsLaunchTests.swift */ = {isa = PBXFileReference; lastKnownFileType = sourcecode.swift; path = CryptoRankUITestsLaunchTests.swift; sourceTree = "<group>"; };
		50F9CDD02C609D6A00751FB3 /* CurrencyRemoteDataSource.swift */ = {isa = PBXFileReference; lastKnownFileType = sourcecode.swift; path = CurrencyRemoteDataSource.swift; sourceTree = "<group>"; };
		50F9CDD32C609DC600751FB3 /* AppError.swift */ = {isa = PBXFileReference; lastKnownFileType = sourcecode.swift; path = AppError.swift; sourceTree = "<group>"; };
		50F9CDD92C60A5BE00751FB3 /* AssetItemDTO.swift */ = {isa = PBXFileReference; lastKnownFileType = sourcecode.swift; path = AssetItemDTO.swift; sourceTree = "<group>"; };
		50F9CDDB2C60A5D200751FB3 /* BaseResponse.swift */ = {isa = PBXFileReference; lastKnownFileType = sourcecode.swift; path = BaseResponse.swift; sourceTree = "<group>"; };
		50F9CDDD2C60A5FF00751FB3 /* AssetItem.swift */ = {isa = PBXFileReference; lastKnownFileType = sourcecode.swift; path = AssetItem.swift; sourceTree = "<group>"; };
		50F9CDDF2C60A8C600751FB3 /* TypeAlias.swift */ = {isa = PBXFileReference; lastKnownFileType = sourcecode.swift; path = TypeAlias.swift; sourceTree = "<group>"; };
		50F9CDE12C60A9AB00751FB3 /* CurrencyRemoteDataSourceProtocol.swift */ = {isa = PBXFileReference; lastKnownFileType = sourcecode.swift; path = CurrencyRemoteDataSourceProtocol.swift; sourceTree = "<group>"; };
		50F9CDE92C60B56D00751FB3 /* CurrencyRepositoryProtocol.swift */ = {isa = PBXFileReference; lastKnownFileType = sourcecode.swift; path = CurrencyRepositoryProtocol.swift; sourceTree = "<group>"; };
		50F9CDEB2C60B59300751FB3 /* CurrencyRepository.swift */ = {isa = PBXFileReference; lastKnownFileType = sourcecode.swift; path = CurrencyRepository.swift; sourceTree = "<group>"; };
		50F9CDED2C60B99200751FB3 /* DataSourceContainer.swift */ = {isa = PBXFileReference; lastKnownFileType = sourcecode.swift; path = DataSourceContainer.swift; sourceTree = "<group>"; };
		50F9CDF02C60BA7100751FB3 /* AppContainer.swift */ = {isa = PBXFileReference; lastKnownFileType = sourcecode.swift; path = AppContainer.swift; sourceTree = "<group>"; };
		50F9CDF32C60BB1800751FB3 /* RepositoryContainer.swift */ = {isa = PBXFileReference; lastKnownFileType = sourcecode.swift; path = RepositoryContainer.swift; sourceTree = "<group>"; };
		50F9CDF82C60BE3200751FB3 /* TopCurrencyListContract.swift */ = {isa = PBXFileReference; lastKnownFileType = sourcecode.swift; path = TopCurrencyListContract.swift; sourceTree = "<group>"; };
		50F9CDFA2C60BE6100751FB3 /* TopCurrencyListViewModel.swift */ = {isa = PBXFileReference; lastKnownFileType = sourcecode.swift; path = TopCurrencyListViewModel.swift; sourceTree = "<group>"; };
		50F9CDFC2C60BEA600751FB3 /* TopCurrencyListView.swift */ = {isa = PBXFileReference; lastKnownFileType = sourcecode.swift; path = TopCurrencyListView.swift; sourceTree = "<group>"; };
		50F9CDFE2C60BF0A00751FB3 /* TopCurrencyListContainer.swift */ = {isa = PBXFileReference; lastKnownFileType = sourcecode.swift; path = TopCurrencyListContainer.swift; sourceTree = "<group>"; };
		50F9CE012C60C24900751FB3 /* View+LoadingView.swift */ = {isa = PBXFileReference; lastKnownFileType = sourcecode.swift; path = "View+LoadingView.swift"; sourceTree = "<group>"; };
		50F9CE042C60C2CD00751FB3 /* ViewElementState.swift */ = {isa = PBXFileReference; lastKnownFileType = sourcecode.swift; path = ViewElementState.swift; sourceTree = "<group>"; };
		50F9CE072C60C3F000751FB3 /* ErrorView.swift */ = {isa = PBXFileReference; lastKnownFileType = sourcecode.swift; path = ErrorView.swift; sourceTree = "<group>"; };
		50F9CE092C60C41E00751FB3 /* View+ErrorView.swift */ = {isa = PBXFileReference; lastKnownFileType = sourcecode.swift; path = "View+ErrorView.swift"; sourceTree = "<group>"; };
		50F9CE0B2C60CC6400751FB3 /* Error+AppError.swift */ = {isa = PBXFileReference; lastKnownFileType = sourcecode.swift; path = "Error+AppError.swift"; sourceTree = "<group>"; };
		50F9CE0D2C60CDE500751FB3 /* Double+AbbreviationFormat.swift */ = {isa = PBXFileReference; lastKnownFileType = sourcecode.swift; path = "Double+AbbreviationFormat.swift"; sourceTree = "<group>"; };
		50F9CE112C60D87800751FB3 /* Poppins-Regular.ttf */ = {isa = PBXFileReference; lastKnownFileType = file; path = "Poppins-Regular.ttf"; sourceTree = "<group>"; };
		50F9CE122C60D87800751FB3 /* Poppins-Bold.ttf */ = {isa = PBXFileReference; lastKnownFileType = file; path = "Poppins-Bold.ttf"; sourceTree = "<group>"; };
		50F9CE152C60D92900751FB3 /* Info.plist */ = {isa = PBXFileReference; lastKnownFileType = text.plist; path = Info.plist; sourceTree = "<group>"; };
		50F9CE162C60DD0900751FB3 /* ChangeType.swift */ = {isa = PBXFileReference; lastKnownFileType = sourcecode.swift; path = ChangeType.swift; sourceTree = "<group>"; };
		50F9CE192C60F38500751FB3 /* CurrencyDetailView.swift */ = {isa = PBXFileReference; lastKnownFileType = sourcecode.swift; path = CurrencyDetailView.swift; sourceTree = "<group>"; };
		50F9CE1B2C60F3B300751FB3 /* CurrencyDetailContract.swift */ = {isa = PBXFileReference; lastKnownFileType = sourcecode.swift; path = CurrencyDetailContract.swift; sourceTree = "<group>"; };
		50F9CE1D2C60F3EF00751FB3 /* CurrencyDetailViewModel.swift */ = {isa = PBXFileReference; lastKnownFileType = sourcecode.swift; path = CurrencyDetailViewModel.swift; sourceTree = "<group>"; };
		50F9CE1F2C60F43200751FB3 /* CurrencyDetailContainer.swift */ = {isa = PBXFileReference; lastKnownFileType = sourcecode.swift; path = CurrencyDetailContainer.swift; sourceTree = "<group>"; };
		50F9CE222C61007A00751FB3 /* Localizable.xcstrings */ = {isa = PBXFileReference; lastKnownFileType = text.json.xcstrings; path = Localizable.xcstrings; sourceTree = "<group>"; };
		50F9CE252C620A6000751FB3 /* MockCurrencyRepository.swift */ = {isa = PBXFileReference; lastKnownFileType = sourcecode.swift; path = MockCurrencyRepository.swift; sourceTree = "<group>"; };
/* End PBXFileReference section */

/* Begin PBXFrameworksBuildPhase section */
		50F9CD9D2C60989300751FB3 /* Frameworks */ = {
			isa = PBXFrameworksBuildPhase;
			buildActionMask = 2147483647;
			files = (
				50F9CDE82C60B50100751FB3 /* Swinject in Frameworks */,
			);
			runOnlyForDeploymentPostprocessing = 0;
		};
		50F9CDAD2C60989400751FB3 /* Frameworks */ = {
			isa = PBXFrameworksBuildPhase;
			buildActionMask = 2147483647;
			files = (
			);
			runOnlyForDeploymentPostprocessing = 0;
		};
		50F9CDB72C60989400751FB3 /* Frameworks */ = {
			isa = PBXFrameworksBuildPhase;
			buildActionMask = 2147483647;
			files = (
			);
			runOnlyForDeploymentPostprocessing = 0;
		};
/* End PBXFrameworksBuildPhase section */

/* Begin PBXGroup section */
		50F9CD972C60989300751FB3 = {
			isa = PBXGroup;
			children = (
				50F9CDA22C60989300751FB3 /* CryptoRank */,
				50F9CDB32C60989400751FB3 /* CryptoRankTests */,
				50F9CDBD2C60989400751FB3 /* CryptoRankUITests */,
				50F9CDA12C60989300751FB3 /* Products */,
			);
			sourceTree = "<group>";
		};
		50F9CDA12C60989300751FB3 /* Products */ = {
			isa = PBXGroup;
			children = (
				50F9CDA02C60989300751FB3 /* CryptoRank.app */,
				50F9CDB02C60989400751FB3 /* CryptoRankTests.xctest */,
				50F9CDBA2C60989400751FB3 /* CryptoRankUITests.xctest */,
			);
			name = Products;
			sourceTree = "<group>";
		};
		50F9CDA22C60989300751FB3 /* CryptoRank */ = {
			isa = PBXGroup;
			children = (
				50F9CDEF2C60BA0A00751FB3 /* App */,
				50F9CDA72C60989400751FB3 /* Assets.xcassets */,
				50F9CDD52C60A59E00751FB3 /* Data */,
				50F9CDCD2C6099D800751FB3 /* DataSource */,
				50F9CE032C60C2C400751FB3 /* Enum */,
				50F9CDD22C609DBC00751FB3 /* Error */,
				50F9CE002C60C23300751FB3 /* Extension */,
				50F9CE152C60D92900751FB3 /* Info.plist */,
				50F9CDA92C60989400751FB3 /* Preview Content */,
				50F9CDE32C60B42000751FB3 /* Repository */,
				50F9CE0F2C60D86000751FB3 /* Resources */,
				50F9CDF62C60BD0800751FB3 /* UI */,
			);
			path = CryptoRank;
			sourceTree = "<group>";
		};
		50F9CDA92C60989400751FB3 /* Preview Content */ = {
			isa = PBXGroup;
			children = (
				50F9CDAA2C60989400751FB3 /* Preview Assets.xcassets */,
			);
			path = "Preview Content";
			sourceTree = "<group>";
		};
		50F9CDB32C60989400751FB3 /* CryptoRankTests */ = {
			isa = PBXGroup;
			children = (
				50F9CE242C6209F700751FB3 /* Mock */,
				50F9CDB42C60989400751FB3 /* TopCurrencyListViewModelTests.swift */,
			);
			path = CryptoRankTests;
			sourceTree = "<group>";
		};
		50F9CDBD2C60989400751FB3 /* CryptoRankUITests */ = {
			isa = PBXGroup;
			children = (
				50F9CDBE2C60989400751FB3 /* CryptoRankUITests.swift */,
				50F9CDC02C60989400751FB3 /* CryptoRankUITestsLaunchTests.swift */,
			);
			path = CryptoRankUITests;
			sourceTree = "<group>";
		};
		50F9CDCD2C6099D800751FB3 /* DataSource */ = {
			isa = PBXGroup;
			children = (
				50F9CDE52C60B45800751FB3 /* DI */,
				50F9CDCE2C6099E400751FB3 /* Remote */,
			);
			path = DataSource;
			sourceTree = "<group>";
		};
		50F9CDCE2C6099E400751FB3 /* Remote */ = {
			isa = PBXGroup;
			children = (
				50F9CDCF2C6099EA00751FB3 /* Currency */,
			);
			path = Remote;
			sourceTree = "<group>";
		};
		50F9CDCF2C6099EA00751FB3 /* Currency */ = {
			isa = PBXGroup;
			children = (
				50F9CDD02C609D6A00751FB3 /* CurrencyRemoteDataSource.swift */,
				50F9CDE12C60A9AB00751FB3 /* CurrencyRemoteDataSourceProtocol.swift */,
			);
			path = Currency;
			sourceTree = "<group>";
		};
		50F9CDD22C609DBC00751FB3 /* Error */ = {
			isa = PBXGroup;
			children = (
				50F9CDD32C609DC600751FB3 /* AppError.swift */,
			);
			path = Error;
			sourceTree = "<group>";
		};
		50F9CDD52C60A59E00751FB3 /* Data */ = {
			isa = PBXGroup;
			children = (
				50F9CDD72C60A5A700751FB3 /* Domain */,
				50F9CDD62C60A5A300751FB3 /* DTO */,
				50F9CDD82C60A5B100751FB3 /* Response */,
				50F9CDDF2C60A8C600751FB3 /* TypeAlias.swift */,
			);
			path = Data;
			sourceTree = "<group>";
		};
		50F9CDD62C60A5A300751FB3 /* DTO */ = {
			isa = PBXGroup;
			children = (
				50F9CDD92C60A5BE00751FB3 /* AssetItemDTO.swift */,
			);
			path = DTO;
			sourceTree = "<group>";
		};
		50F9CDD72C60A5A700751FB3 /* Domain */ = {
			isa = PBXGroup;
			children = (
				50F9CDDD2C60A5FF00751FB3 /* AssetItem.swift */,
			);
			path = Domain;
			sourceTree = "<group>";
		};
		50F9CDD82C60A5B100751FB3 /* Response */ = {
			isa = PBXGroup;
			children = (
				50F9CDDB2C60A5D200751FB3 /* BaseResponse.swift */,
			);
			path = Response;
			sourceTree = "<group>";
		};
		50F9CDE32C60B42000751FB3 /* Repository */ = {
			isa = PBXGroup;
			children = (
				50F9CDF22C60BAE900751FB3 /* DI */,
				50F9CDE42C60B43300751FB3 /* Currency */,
			);
			path = Repository;
			sourceTree = "<group>";
		};
		50F9CDE42C60B43300751FB3 /* Currency */ = {
			isa = PBXGroup;
			children = (
				50F9CDE92C60B56D00751FB3 /* CurrencyRepositoryProtocol.swift */,
				50F9CDEB2C60B59300751FB3 /* CurrencyRepository.swift */,
			);
			path = Currency;
			sourceTree = "<group>";
		};
		50F9CDE52C60B45800751FB3 /* DI */ = {
			isa = PBXGroup;
			children = (
				50F9CDED2C60B99200751FB3 /* DataSourceContainer.swift */,
			);
			path = DI;
			sourceTree = "<group>";
		};
		50F9CDEF2C60BA0A00751FB3 /* App */ = {
			isa = PBXGroup;
			children = (
				50F9CDF52C60BC7100751FB3 /* DI */,
				50F9CDA32C60989300751FB3 /* CryptoRankApp.swift */,
			);
			path = App;
			sourceTree = "<group>";
		};
		50F9CDF22C60BAE900751FB3 /* DI */ = {
			isa = PBXGroup;
			children = (
				50F9CDF32C60BB1800751FB3 /* RepositoryContainer.swift */,
			);
			path = DI;
			sourceTree = "<group>";
		};
		50F9CDF52C60BC7100751FB3 /* DI */ = {
			isa = PBXGroup;
			children = (
				50F9CDF02C60BA7100751FB3 /* AppContainer.swift */,
			);
			path = DI;
			sourceTree = "<group>";
		};
		50F9CDF62C60BD0800751FB3 /* UI */ = {
			isa = PBXGroup;
			children = (
				50F9CE182C60F35C00751FB3 /* CurrencyDetail */,
				50F9CE062C60C3E600751FB3 /* Reusable */,
				50F9CDF72C60BD1900751FB3 /* TopCurrencyList */,
			);
			path = UI;
			sourceTree = "<group>";
		};
		50F9CDF72C60BD1900751FB3 /* TopCurrencyList */ = {
			isa = PBXGroup;
			children = (
				50F9CDFE2C60BF0A00751FB3 /* TopCurrencyListContainer.swift */,
				50F9CDF82C60BE3200751FB3 /* TopCurrencyListContract.swift */,
				50F9CDFC2C60BEA600751FB3 /* TopCurrencyListView.swift */,
				50F9CDFA2C60BE6100751FB3 /* TopCurrencyListViewModel.swift */,
			);
			path = TopCurrencyList;
			sourceTree = "<group>";
		};
		50F9CE002C60C23300751FB3 /* Extension */ = {
			isa = PBXGroup;
			children = (
				50F9CE012C60C24900751FB3 /* View+LoadingView.swift */,
				50F9CE092C60C41E00751FB3 /* View+ErrorView.swift */,
				50F9CE0B2C60CC6400751FB3 /* Error+AppError.swift */,
				50F9CE0D2C60CDE500751FB3 /* Double+AbbreviationFormat.swift */,
			);
			path = Extension;
			sourceTree = "<group>";
		};
		50F9CE032C60C2C400751FB3 /* Enum */ = {
			isa = PBXGroup;
			children = (
				50F9CE042C60C2CD00751FB3 /* ViewElementState.swift */,
				50F9CE162C60DD0900751FB3 /* ChangeType.swift */,
			);
			path = Enum;
			sourceTree = "<group>";
		};
		50F9CE062C60C3E600751FB3 /* Reusable */ = {
			isa = PBXGroup;
			children = (
				50F9CE072C60C3F000751FB3 /* ErrorView.swift */,
			);
			path = Reusable;
			sourceTree = "<group>";
		};
		50F9CE0F2C60D86000751FB3 /* Resources */ = {
			isa = PBXGroup;
			children = (
				50F9CE212C61006A00751FB3 /* String */,
				50F9CE102C60D86800751FB3 /* Font */,
			);
			path = Resources;
			sourceTree = "<group>";
		};
		50F9CE102C60D86800751FB3 /* Font */ = {
			isa = PBXGroup;
			children = (
				50F9CE122C60D87800751FB3 /* Poppins-Bold.ttf */,
				50F9CE112C60D87800751FB3 /* Poppins-Regular.ttf */,
			);
			path = Font;
			sourceTree = "<group>";
		};
		50F9CE182C60F35C00751FB3 /* CurrencyDetail */ = {
			isa = PBXGroup;
			children = (
				50F9CE192C60F38500751FB3 /* CurrencyDetailView.swift */,
				50F9CE1B2C60F3B300751FB3 /* CurrencyDetailContract.swift */,
				50F9CE1D2C60F3EF00751FB3 /* CurrencyDetailViewModel.swift */,
				50F9CE1F2C60F43200751FB3 /* CurrencyDetailContainer.swift */,
			);
			path = CurrencyDetail;
			sourceTree = "<group>";
		};
		50F9CE212C61006A00751FB3 /* String */ = {
			isa = PBXGroup;
			children = (
				50F9CE222C61007A00751FB3 /* Localizable.xcstrings */,
			);
			path = String;
			sourceTree = "<group>";
		};
		50F9CE242C6209F700751FB3 /* Mock */ = {
			isa = PBXGroup;
			children = (
				50F9CE252C620A6000751FB3 /* MockCurrencyRepository.swift */,
			);
			path = Mock;
			sourceTree = "<group>";
		};
/* End PBXGroup section */

/* Begin PBXNativeTarget section */
		50F9CD9F2C60989300751FB3 /* CryptoRank */ = {
			isa = PBXNativeTarget;
			buildConfigurationList = 50F9CDC42C60989500751FB3 /* Build configuration list for PBXNativeTarget "CryptoRank" */;
			buildPhases = (
				50F9CD9C2C60989300751FB3 /* Sources */,
				50F9CD9D2C60989300751FB3 /* Frameworks */,
				50F9CD9E2C60989300751FB3 /* Resources */,
			);
			buildRules = (
			);
			dependencies = (
			);
			name = CryptoRank;
			packageProductDependencies = (
				50F9CDE72C60B50100751FB3 /* Swinject */,
			);
			productName = CryptoRank;
			productReference = 50F9CDA02C60989300751FB3 /* CryptoRank.app */;
			productType = "com.apple.product-type.application";
		};
		50F9CDAF2C60989400751FB3 /* CryptoRankTests */ = {
			isa = PBXNativeTarget;
			buildConfigurationList = 50F9CDC72C60989500751FB3 /* Build configuration list for PBXNativeTarget "CryptoRankTests" */;
			buildPhases = (
				50F9CDAC2C60989400751FB3 /* Sources */,
				50F9CDAD2C60989400751FB3 /* Frameworks */,
				50F9CDAE2C60989400751FB3 /* Resources */,
			);
			buildRules = (
			);
			dependencies = (
				50F9CDB22C60989400751FB3 /* PBXTargetDependency */,
			);
			name = CryptoRankTests;
			productName = CryptoRankTests;
			productReference = 50F9CDB02C60989400751FB3 /* CryptoRankTests.xctest */;
			productType = "com.apple.product-type.bundle.unit-test";
		};
		50F9CDB92C60989400751FB3 /* CryptoRankUITests */ = {
			isa = PBXNativeTarget;
			buildConfigurationList = 50F9CDCA2C60989500751FB3 /* Build configuration list for PBXNativeTarget "CryptoRankUITests" */;
			buildPhases = (
				50F9CDB62C60989400751FB3 /* Sources */,
				50F9CDB72C60989400751FB3 /* Frameworks */,
				50F9CDB82C60989400751FB3 /* Resources */,
			);
			buildRules = (
			);
			dependencies = (
				50F9CDBC2C60989400751FB3 /* PBXTargetDependency */,
			);
			name = CryptoRankUITests;
			productName = CryptoRankUITests;
			productReference = 50F9CDBA2C60989400751FB3 /* CryptoRankUITests.xctest */;
			productType = "com.apple.product-type.bundle.ui-testing";
		};
/* End PBXNativeTarget section */

/* Begin PBXProject section */
		50F9CD982C60989300751FB3 /* Project object */ = {
			isa = PBXProject;
			attributes = {
				BuildIndependentTargetsInParallel = 1;
				LastSwiftUpdateCheck = 1540;
				LastUpgradeCheck = 1540;
				TargetAttributes = {
					50F9CD9F2C60989300751FB3 = {
						CreatedOnToolsVersion = 15.4;
					};
					50F9CDAF2C60989400751FB3 = {
						CreatedOnToolsVersion = 15.4;
						TestTargetID = 50F9CD9F2C60989300751FB3;
					};
					50F9CDB92C60989400751FB3 = {
						CreatedOnToolsVersion = 15.4;
						TestTargetID = 50F9CD9F2C60989300751FB3;
					};
				};
			};
			buildConfigurationList = 50F9CD9B2C60989300751FB3 /* Build configuration list for PBXProject "CryptoRank" */;
			compatibilityVersion = "Xcode 14.0";
			developmentRegion = en;
			hasScannedForEncodings = 0;
			knownRegions = (
				en,
				Base,
			);
			mainGroup = 50F9CD972C60989300751FB3;
			packageReferences = (
				50F9CDE62C60B50100751FB3 /* XCRemoteSwiftPackageReference "Swinject" */,
			);
			productRefGroup = 50F9CDA12C60989300751FB3 /* Products */;
			projectDirPath = "";
			projectRoot = "";
			targets = (
				50F9CD9F2C60989300751FB3 /* CryptoRank */,
				50F9CDAF2C60989400751FB3 /* CryptoRankTests */,
				50F9CDB92C60989400751FB3 /* CryptoRankUITests */,
			);
		};
/* End PBXProject section */

/* Begin PBXResourcesBuildPhase section */
		50F9CD9E2C60989300751FB3 /* Resources */ = {
			isa = PBXResourcesBuildPhase;
			buildActionMask = 2147483647;
			files = (
				50F9CDAB2C60989400751FB3 /* Preview Assets.xcassets in Resources */,
				50F9CE232C61007A00751FB3 /* Localizable.xcstrings in Resources */,
				50F9CE132C60D87C00751FB3 /* Poppins-Regular.ttf in Resources */,
				50F9CE142C60D87C00751FB3 /* Poppins-Bold.ttf in Resources */,
				50F9CDA82C60989400751FB3 /* Assets.xcassets in Resources */,
			);
			runOnlyForDeploymentPostprocessing = 0;
		};
		50F9CDAE2C60989400751FB3 /* Resources */ = {
			isa = PBXResourcesBuildPhase;
			buildActionMask = 2147483647;
			files = (
			);
			runOnlyForDeploymentPostprocessing = 0;
		};
		50F9CDB82C60989400751FB3 /* Resources */ = {
			isa = PBXResourcesBuildPhase;
			buildActionMask = 2147483647;
			files = (
			);
			runOnlyForDeploymentPostprocessing = 0;
		};
/* End PBXResourcesBuildPhase section */

/* Begin PBXSourcesBuildPhase section */
		50F9CD9C2C60989300751FB3 /* Sources */ = {
			isa = PBXSourcesBuildPhase;
			buildActionMask = 2147483647;
			files = (
				50F9CDF12C60BA7100751FB3 /* AppContainer.swift in Sources */,
				50F9CE1A2C60F38500751FB3 /* CurrencyDetailView.swift in Sources */,
				50F9CE052C60C2CD00751FB3 /* ViewElementState.swift in Sources */,
				50F9CDDE2C60A5FF00751FB3 /* AssetItem.swift in Sources */,
				50F9CE172C60DD0900751FB3 /* ChangeType.swift in Sources */,
				50F9CE022C60C24900751FB3 /* View+LoadingView.swift in Sources */,
				50F9CDF42C60BB1800751FB3 /* RepositoryContainer.swift in Sources */,
				50F9CDEA2C60B56D00751FB3 /* CurrencyRepositoryProtocol.swift in Sources */,
				50F9CDD42C609DC600751FB3 /* AppError.swift in Sources */,
				50F9CE202C60F43200751FB3 /* CurrencyDetailContainer.swift in Sources */,
				50F9CDF92C60BE3200751FB3 /* TopCurrencyListContract.swift in Sources */,
				50F9CDE22C60A9AB00751FB3 /* CurrencyRemoteDataSourceProtocol.swift in Sources */,
				50F9CDFF2C60BF0A00751FB3 /* TopCurrencyListContainer.swift in Sources */,
				50F9CDA42C60989300751FB3 /* CryptoRankApp.swift in Sources */,
				50F9CDEE2C60B99200751FB3 /* DataSourceContainer.swift in Sources */,
				50F9CDDA2C60A5BE00751FB3 /* AssetItemDTO.swift in Sources */,
				50F9CE1C2C60F3B300751FB3 /* CurrencyDetailContract.swift in Sources */,
				50F9CE0E2C60CDE500751FB3 /* Double+AbbreviationFormat.swift in Sources */,
				50F9CDD12C609D6A00751FB3 /* CurrencyRemoteDataSource.swift in Sources */,
				50F9CDFD2C60BEA600751FB3 /* TopCurrencyListView.swift in Sources */,
				50F9CE082C60C3F000751FB3 /* ErrorView.swift in Sources */,
				50F9CE0A2C60C41E00751FB3 /* View+ErrorView.swift in Sources */,
				50F9CDE02C60A8C600751FB3 /* TypeAlias.swift in Sources */,
				50F9CDEC2C60B59300751FB3 /* CurrencyRepository.swift in Sources */,
				50F9CDDC2C60A5D200751FB3 /* BaseResponse.swift in Sources */,
				50F9CE1E2C60F3EF00751FB3 /* CurrencyDetailViewModel.swift in Sources */,
				50F9CDFB2C60BE6100751FB3 /* TopCurrencyListViewModel.swift in Sources */,
				50F9CE0C2C60CC6400751FB3 /* Error+AppError.swift in Sources */,
			);
			runOnlyForDeploymentPostprocessing = 0;
		};
		50F9CDAC2C60989400751FB3 /* Sources */ = {
			isa = PBXSourcesBuildPhase;
			buildActionMask = 2147483647;
			files = (
				50F9CE262C620A6000751FB3 /* MockCurrencyRepository.swift in Sources */,
				50F9CDB52C60989400751FB3 /* TopCurrencyListViewModelTests.swift in Sources */,
			);
			runOnlyForDeploymentPostprocessing = 0;
		};
		50F9CDB62C60989400751FB3 /* Sources */ = {
			isa = PBXSourcesBuildPhase;
			buildActionMask = 2147483647;
			files = (
				50F9CDBF2C60989400751FB3 /* CryptoRankUITests.swift in Sources */,
				50F9CDC12C60989400751FB3 /* CryptoRankUITestsLaunchTests.swift in Sources */,
			);
			runOnlyForDeploymentPostprocessing = 0;
		};
/* End PBXSourcesBuildPhase section */

/* Begin PBXTargetDependency section */
		50F9CDB22C60989400751FB3 /* PBXTargetDependency */ = {
			isa = PBXTargetDependency;
			target = 50F9CD9F2C60989300751FB3 /* CryptoRank */;
			targetProxy = 50F9CDB12C60989400751FB3 /* PBXContainerItemProxy */;
		};
		50F9CDBC2C60989400751FB3 /* PBXTargetDependency */ = {
			isa = PBXTargetDependency;
			target = 50F9CD9F2C60989300751FB3 /* CryptoRank */;
			targetProxy = 50F9CDBB2C60989400751FB3 /* PBXContainerItemProxy */;
		};
/* End PBXTargetDependency section */

/* Begin XCBuildConfiguration section */
		50F9CDC22C60989500751FB3 /* Debug */ = {
			isa = XCBuildConfiguration;
			buildSettings = {
				ALWAYS_SEARCH_USER_PATHS = NO;
				ASSETCATALOG_COMPILER_GENERATE_SWIFT_ASSET_SYMBOL_EXTENSIONS = YES;
				CLANG_ANALYZER_NONNULL = YES;
				CLANG_ANALYZER_NUMBER_OBJECT_CONVERSION = YES_AGGRESSIVE;
				CLANG_CXX_LANGUAGE_STANDARD = "gnu++20";
				CLANG_ENABLE_MODULES = YES;
				CLANG_ENABLE_OBJC_ARC = YES;
				CLANG_ENABLE_OBJC_WEAK = YES;
				CLANG_WARN_BLOCK_CAPTURE_AUTORELEASING = YES;
				CLANG_WARN_BOOL_CONVERSION = YES;
				CLANG_WARN_COMMA = YES;
				CLANG_WARN_CONSTANT_CONVERSION = YES;
				CLANG_WARN_DEPRECATED_OBJC_IMPLEMENTATIONS = YES;
				CLANG_WARN_DIRECT_OBJC_ISA_USAGE = YES_ERROR;
				CLANG_WARN_DOCUMENTATION_COMMENTS = YES;
				CLANG_WARN_EMPTY_BODY = YES;
				CLANG_WARN_ENUM_CONVERSION = YES;
				CLANG_WARN_INFINITE_RECURSION = YES;
				CLANG_WARN_INT_CONVERSION = YES;
				CLANG_WARN_NON_LITERAL_NULL_CONVERSION = YES;
				CLANG_WARN_OBJC_IMPLICIT_RETAIN_SELF = YES;
				CLANG_WARN_OBJC_LITERAL_CONVERSION = YES;
				CLANG_WARN_OBJC_ROOT_CLASS = YES_ERROR;
				CLANG_WARN_QUOTED_INCLUDE_IN_FRAMEWORK_HEADER = YES;
				CLANG_WARN_RANGE_LOOP_ANALYSIS = YES;
				CLANG_WARN_STRICT_PROTOTYPES = YES;
				CLANG_WARN_SUSPICIOUS_MOVE = YES;
				CLANG_WARN_UNGUARDED_AVAILABILITY = YES_AGGRESSIVE;
				CLANG_WARN_UNREACHABLE_CODE = YES;
				CLANG_WARN__DUPLICATE_METHOD_MATCH = YES;
				COPY_PHASE_STRIP = NO;
				DEBUG_INFORMATION_FORMAT = dwarf;
				ENABLE_STRICT_OBJC_MSGSEND = YES;
				ENABLE_TESTABILITY = YES;
				ENABLE_USER_SCRIPT_SANDBOXING = YES;
				GCC_C_LANGUAGE_STANDARD = gnu17;
				GCC_DYNAMIC_NO_PIC = NO;
				GCC_NO_COMMON_BLOCKS = YES;
				GCC_OPTIMIZATION_LEVEL = 0;
				GCC_PREPROCESSOR_DEFINITIONS = (
					"DEBUG=1",
					"$(inherited)",
				);
				GCC_WARN_64_TO_32_BIT_CONVERSION = YES;
				GCC_WARN_ABOUT_RETURN_TYPE = YES_ERROR;
				GCC_WARN_UNDECLARED_SELECTOR = YES;
				GCC_WARN_UNINITIALIZED_AUTOS = YES_AGGRESSIVE;
				GCC_WARN_UNUSED_FUNCTION = YES;
				GCC_WARN_UNUSED_VARIABLE = YES;
				IPHONEOS_DEPLOYMENT_TARGET = 17.5;
				LOCALIZATION_PREFERS_STRING_CATALOGS = YES;
				MTL_ENABLE_DEBUG_INFO = INCLUDE_SOURCE;
				MTL_FAST_MATH = YES;
				ONLY_ACTIVE_ARCH = YES;
				SDKROOT = iphoneos;
				SWIFT_ACTIVE_COMPILATION_CONDITIONS = "DEBUG $(inherited)";
				SWIFT_OPTIMIZATION_LEVEL = "-Onone";
			};
			name = Debug;
		};
		50F9CDC32C60989500751FB3 /* Release */ = {
			isa = XCBuildConfiguration;
			buildSettings = {
				ALWAYS_SEARCH_USER_PATHS = NO;
				ASSETCATALOG_COMPILER_GENERATE_SWIFT_ASSET_SYMBOL_EXTENSIONS = YES;
				CLANG_ANALYZER_NONNULL = YES;
				CLANG_ANALYZER_NUMBER_OBJECT_CONVERSION = YES_AGGRESSIVE;
				CLANG_CXX_LANGUAGE_STANDARD = "gnu++20";
				CLANG_ENABLE_MODULES = YES;
				CLANG_ENABLE_OBJC_ARC = YES;
				CLANG_ENABLE_OBJC_WEAK = YES;
				CLANG_WARN_BLOCK_CAPTURE_AUTORELEASING = YES;
				CLANG_WARN_BOOL_CONVERSION = YES;
				CLANG_WARN_COMMA = YES;
				CLANG_WARN_CONSTANT_CONVERSION = YES;
				CLANG_WARN_DEPRECATED_OBJC_IMPLEMENTATIONS = YES;
				CLANG_WARN_DIRECT_OBJC_ISA_USAGE = YES_ERROR;
				CLANG_WARN_DOCUMENTATION_COMMENTS = YES;
				CLANG_WARN_EMPTY_BODY = YES;
				CLANG_WARN_ENUM_CONVERSION = YES;
				CLANG_WARN_INFINITE_RECURSION = YES;
				CLANG_WARN_INT_CONVERSION = YES;
				CLANG_WARN_NON_LITERAL_NULL_CONVERSION = YES;
				CLANG_WARN_OBJC_IMPLICIT_RETAIN_SELF = YES;
				CLANG_WARN_OBJC_LITERAL_CONVERSION = YES;
				CLANG_WARN_OBJC_ROOT_CLASS = YES_ERROR;
				CLANG_WARN_QUOTED_INCLUDE_IN_FRAMEWORK_HEADER = YES;
				CLANG_WARN_RANGE_LOOP_ANALYSIS = YES;
				CLANG_WARN_STRICT_PROTOTYPES = YES;
				CLANG_WARN_SUSPICIOUS_MOVE = YES;
				CLANG_WARN_UNGUARDED_AVAILABILITY = YES_AGGRESSIVE;
				CLANG_WARN_UNREACHABLE_CODE = YES;
				CLANG_WARN__DUPLICATE_METHOD_MATCH = YES;
				COPY_PHASE_STRIP = NO;
				DEBUG_INFORMATION_FORMAT = "dwarf-with-dsym";
				ENABLE_NS_ASSERTIONS = NO;
				ENABLE_STRICT_OBJC_MSGSEND = YES;
				ENABLE_USER_SCRIPT_SANDBOXING = YES;
				GCC_C_LANGUAGE_STANDARD = gnu17;
				GCC_NO_COMMON_BLOCKS = YES;
				GCC_WARN_64_TO_32_BIT_CONVERSION = YES;
				GCC_WARN_ABOUT_RETURN_TYPE = YES_ERROR;
				GCC_WARN_UNDECLARED_SELECTOR = YES;
				GCC_WARN_UNINITIALIZED_AUTOS = YES_AGGRESSIVE;
				GCC_WARN_UNUSED_FUNCTION = YES;
				GCC_WARN_UNUSED_VARIABLE = YES;
				IPHONEOS_DEPLOYMENT_TARGET = 17.5;
				LOCALIZATION_PREFERS_STRING_CATALOGS = YES;
				MTL_ENABLE_DEBUG_INFO = NO;
				MTL_FAST_MATH = YES;
				SDKROOT = iphoneos;
				SWIFT_COMPILATION_MODE = wholemodule;
				VALIDATE_PRODUCT = YES;
			};
			name = Release;
		};
		50F9CDC52C60989500751FB3 /* Debug */ = {
			isa = XCBuildConfiguration;
			buildSettings = {
				ASSETCATALOG_COMPILER_APPICON_NAME = AppIcon;
				ASSETCATALOG_COMPILER_GLOBAL_ACCENT_COLOR_NAME = AccentColor;
				CODE_SIGN_STYLE = Automatic;
				CURRENT_PROJECT_VERSION = 1;
				DEVELOPMENT_ASSET_PATHS = "\"CryptoRank/Preview Content\"";
				DEVELOPMENT_TEAM = D2JR53T83U;
				ENABLE_PREVIEWS = YES;
				GENERATE_INFOPLIST_FILE = YES;
				INFOPLIST_FILE = CryptoRank/Info.plist;
				INFOPLIST_KEY_UIApplicationSceneManifest_Generation = YES;
				INFOPLIST_KEY_UIApplicationSupportsIndirectInputEvents = YES;
				INFOPLIST_KEY_UILaunchScreen_Generation = YES;
				INFOPLIST_KEY_UISupportedInterfaceOrientations_iPad = "UIInterfaceOrientationPortrait UIInterfaceOrientationPortraitUpsideDown UIInterfaceOrientationLandscapeLeft UIInterfaceOrientationLandscapeRight";
				INFOPLIST_KEY_UISupportedInterfaceOrientations_iPhone = "UIInterfaceOrientationPortrait UIInterfaceOrientationLandscapeLeft UIInterfaceOrientationLandscapeRight";
				IPHONEOS_DEPLOYMENT_TARGET = 16.0;
				LD_RUNPATH_SEARCH_PATHS = (
					"$(inherited)",
					"@executable_path/Frameworks",
				);
				MARKETING_VERSION = 1.0;
				PRODUCT_BUNDLE_IDENTIFIER = hu.tamascsato.CryptoRank;
				PRODUCT_NAME = "$(TARGET_NAME)";
				SWIFT_EMIT_LOC_STRINGS = YES;
				SWIFT_VERSION = 5.0;
				TARGETED_DEVICE_FAMILY = "1,2";
			};
			name = Debug;
		};
		50F9CDC62C60989500751FB3 /* Release */ = {
			isa = XCBuildConfiguration;
			buildSettings = {
				ASSETCATALOG_COMPILER_APPICON_NAME = AppIcon;
				ASSETCATALOG_COMPILER_GLOBAL_ACCENT_COLOR_NAME = AccentColor;
				CODE_SIGN_STYLE = Automatic;
				CURRENT_PROJECT_VERSION = 1;
				DEVELOPMENT_ASSET_PATHS = "\"CryptoRank/Preview Content\"";
				DEVELOPMENT_TEAM = D2JR53T83U;
				ENABLE_PREVIEWS = YES;
				GENERATE_INFOPLIST_FILE = YES;
				INFOPLIST_FILE = CryptoRank/Info.plist;
				INFOPLIST_KEY_UIApplicationSceneManifest_Generation = YES;
				INFOPLIST_KEY_UIApplicationSupportsIndirectInputEvents = YES;
				INFOPLIST_KEY_UILaunchScreen_Generation = YES;
				INFOPLIST_KEY_UISupportedInterfaceOrientations_iPad = "UIInterfaceOrientationPortrait UIInterfaceOrientationPortraitUpsideDown UIInterfaceOrientationLandscapeLeft UIInterfaceOrientationLandscapeRight";
				INFOPLIST_KEY_UISupportedInterfaceOrientations_iPhone = "UIInterfaceOrientationPortrait UIInterfaceOrientationLandscapeLeft UIInterfaceOrientationLandscapeRight";
				IPHONEOS_DEPLOYMENT_TARGET = 16.0;
				LD_RUNPATH_SEARCH_PATHS = (
					"$(inherited)",
					"@executable_path/Frameworks",
				);
				MARKETING_VERSION = 1.0;
				PRODUCT_BUNDLE_IDENTIFIER = hu.tamascsato.CryptoRank;
				PRODUCT_NAME = "$(TARGET_NAME)";
				SWIFT_EMIT_LOC_STRINGS = YES;
				SWIFT_VERSION = 5.0;
				TARGETED_DEVICE_FAMILY = "1,2";
			};
			name = Release;
		};
		50F9CDC82C60989500751FB3 /* Debug */ = {
			isa = XCBuildConfiguration;
			buildSettings = {
				ALWAYS_EMBED_SWIFT_STANDARD_LIBRARIES = YES;
				BUNDLE_LOADER = "$(TEST_HOST)";
				CODE_SIGN_STYLE = Automatic;
				CURRENT_PROJECT_VERSION = 1;
				DEVELOPMENT_TEAM = D2JR53T83U;
				GENERATE_INFOPLIST_FILE = YES;
				IPHONEOS_DEPLOYMENT_TARGET = 17.5;
				MARKETING_VERSION = 1.0;
				PRODUCT_BUNDLE_IDENTIFIER = hu.tamascsato.CryptoRankTests;
				PRODUCT_NAME = "$(TARGET_NAME)";
				SWIFT_EMIT_LOC_STRINGS = NO;
				SWIFT_VERSION = 5.0;
				TARGETED_DEVICE_FAMILY = "1,2";
				TEST_HOST = "$(BUILT_PRODUCTS_DIR)/CryptoRank.app/$(BUNDLE_EXECUTABLE_FOLDER_PATH)/CryptoRank";
			};
			name = Debug;
		};
		50F9CDC92C60989500751FB3 /* Release */ = {
			isa = XCBuildConfiguration;
			buildSettings = {
				ALWAYS_EMBED_SWIFT_STANDARD_LIBRARIES = YES;
				BUNDLE_LOADER = "$(TEST_HOST)";
				CODE_SIGN_STYLE = Automatic;
				CURRENT_PROJECT_VERSION = 1;
				DEVELOPMENT_TEAM = D2JR53T83U;
				GENERATE_INFOPLIST_FILE = YES;
				IPHONEOS_DEPLOYMENT_TARGET = 17.5;
				MARKETING_VERSION = 1.0;
				PRODUCT_BUNDLE_IDENTIFIER = hu.tamascsato.CryptoRankTests;
				PRODUCT_NAME = "$(TARGET_NAME)";
				SWIFT_EMIT_LOC_STRINGS = NO;
				SWIFT_VERSION = 5.0;
				TARGETED_DEVICE_FAMILY = "1,2";
				TEST_HOST = "$(BUILT_PRODUCTS_DIR)/CryptoRank.app/$(BUNDLE_EXECUTABLE_FOLDER_PATH)/CryptoRank";
			};
			name = Release;
		};
		50F9CDCB2C60989500751FB3 /* Debug */ = {
			isa = XCBuildConfiguration;
			buildSettings = {
				ALWAYS_EMBED_SWIFT_STANDARD_LIBRARIES = YES;
				CODE_SIGN_STYLE = Automatic;
				CURRENT_PROJECT_VERSION = 1;
				DEVELOPMENT_TEAM = D2JR53T83U;
				GENERATE_INFOPLIST_FILE = YES;
				MARKETING_VERSION = 1.0;
				PRODUCT_BUNDLE_IDENTIFIER = hu.tamascsato.CryptoRankUITests;
				PRODUCT_NAME = "$(TARGET_NAME)";
				SWIFT_EMIT_LOC_STRINGS = NO;
				SWIFT_VERSION = 5.0;
				TARGETED_DEVICE_FAMILY = "1,2";
				TEST_TARGET_NAME = CryptoRank;
			};
			name = Debug;
		};
		50F9CDCC2C60989500751FB3 /* Release */ = {
			isa = XCBuildConfiguration;
			buildSettings = {
				ALWAYS_EMBED_SWIFT_STANDARD_LIBRARIES = YES;
				CODE_SIGN_STYLE = Automatic;
				CURRENT_PROJECT_VERSION = 1;
				DEVELOPMENT_TEAM = D2JR53T83U;
				GENERATE_INFOPLIST_FILE = YES;
				MARKETING_VERSION = 1.0;
				PRODUCT_BUNDLE_IDENTIFIER = hu.tamascsato.CryptoRankUITests;
				PRODUCT_NAME = "$(TARGET_NAME)";
				SWIFT_EMIT_LOC_STRINGS = NO;
				SWIFT_VERSION = 5.0;
				TARGETED_DEVICE_FAMILY = "1,2";
				TEST_TARGET_NAME = CryptoRank;
			};
			name = Release;
		};
/* End XCBuildConfiguration section */

/* Begin XCConfigurationList section */
		50F9CD9B2C60989300751FB3 /* Build configuration list for PBXProject "CryptoRank" */ = {
			isa = XCConfigurationList;
			buildConfigurations = (
				50F9CDC22C60989500751FB3 /* Debug */,
				50F9CDC32C60989500751FB3 /* Release */,
			);
			defaultConfigurationIsVisible = 0;
			defaultConfigurationName = Release;
		};
		50F9CDC42C60989500751FB3 /* Build configuration list for PBXNativeTarget "CryptoRank" */ = {
			isa = XCConfigurationList;
			buildConfigurations = (
				50F9CDC52C60989500751FB3 /* Debug */,
				50F9CDC62C60989500751FB3 /* Release */,
			);
			defaultConfigurationIsVisible = 0;
			defaultConfigurationName = Release;
		};
		50F9CDC72C60989500751FB3 /* Build configuration list for PBXNativeTarget "CryptoRankTests" */ = {
			isa = XCConfigurationList;
			buildConfigurations = (
				50F9CDC82C60989500751FB3 /* Debug */,
				50F9CDC92C60989500751FB3 /* Release */,
			);
			defaultConfigurationIsVisible = 0;
			defaultConfigurationName = Release;
		};
		50F9CDCA2C60989500751FB3 /* Build configuration list for PBXNativeTarget "CryptoRankUITests" */ = {
			isa = XCConfigurationList;
			buildConfigurations = (
				50F9CDCB2C60989500751FB3 /* Debug */,
				50F9CDCC2C60989500751FB3 /* Release */,
			);
			defaultConfigurationIsVisible = 0;
			defaultConfigurationName = Release;
		};
/* End XCConfigurationList section */

/* Begin XCRemoteSwiftPackageReference section */
		50F9CDE62C60B50100751FB3 /* XCRemoteSwiftPackageReference "Swinject" */ = {
			isa = XCRemoteSwiftPackageReference;
			repositoryURL = "https://github.com/Swinject/Swinject.git";
			requirement = {
				kind = exactVersion;
				version = 2.9.1;
			};
		};
/* End XCRemoteSwiftPackageReference section */

/* Begin XCSwiftPackageProductDependency section */
		50F9CDE72C60B50100751FB3 /* Swinject */ = {
			isa = XCSwiftPackageProductDependency;
			package = 50F9CDE62C60B50100751FB3 /* XCRemoteSwiftPackageReference "Swinject" */;
			productName = Swinject;
		};
/* End XCSwiftPackageProductDependency section */
	};
	rootObject = 50F9CD982C60989300751FB3 /* Project object */;
}
